
Microsoft Visual Studio Solution File, Format Version 12.00
# Visual Studio Version 17
VisualStudioVersion = 17.3.32929.385
MinimumVisualStudioVersion = 10.0.40219.1
Project("{8BC9CEB8-8B4A-11D0-8D11-00A0C91BC942}") = "MT2_3_0_basic", "MT2_3_0_basic.vcxproj", "{B9C7F701-5DBE-4326-9BF1-C1464A218EC7}"
EndProject
Global
	GlobalSection(SolutionConfigurationPlatforms) = preSolution
		Debug|x64 = Debug|x64
		Release|x64 = Release|x64
	EndGlobalSection
	GlobalSection(ProjectConfigurationPlatforms) = postSolution
		{B9C7F701-5DBE-4326-9BF1-C1464A218EC7}.Debug|x64.ActiveCfg = Debug|x64
		{B9C7F701-5DBE-4326-9BF1-C1464A218EC7}.Debug|x64.Build.0 = Debug|x64
		{B9C7F701-5DBE-4326-9BF1-C1464A218EC7}.Release|x64.ActiveCfg = Release|x64
		{B9C7F701-5DBE-4326-9BF1-C1464A218EC7}.Release|x64.Build.0 = Release|x64
	EndGlobalSection
	GlobalSection(SolutionProperties) = preSolution
		HideSolutionNode = FALSE
	EndGlobalSection
	GlobalSection(ExtensibilityGlobals) = postSolution
		SolutionGuid = {E2B066C9-A68C-446B-861A-DA3E230D7968}
	EndGlobalSection
EndGlobal
